// !$*UTF8*$!
{
	archiveVersion = 1;
	classes = {
	};
	objectVersion = 50;
	objects = {

/* Begin PBXBuildFile section */
		F501000B224F43E8004B4FED /* AppDelegate.swift in Sources */ = {isa = PBXBuildFile; fileRef = F501000A224F43E8004B4FED /* AppDelegate.swift */; };
		F501000D224F43E8004B4FED /* ViewController.swift in Sources */ = {isa = PBXBuildFile; fileRef = F501000C224F43E8004B4FED /* ViewController.swift */; };
		F5010010224F43E8004B4FED /* Main.storyboard in Resources */ = {isa = PBXBuildFile; fileRef = F501000E224F43E8004B4FED /* Main.storyboard */; };
		F5010013224F43E8004B4FED /* KBHariPertama.xcdatamodeld in Sources */ = {isa = PBXBuildFile; fileRef = F5010011224F43E8004B4FED /* KBHariPertama.xcdatamodeld */; };
		F5010015224F43EA004B4FED /* Assets.xcassets in Resources */ = {isa = PBXBuildFile; fileRef = F5010014224F43EA004B4FED /* Assets.xcassets */; };
		F5010018224F43EA004B4FED /* LaunchScreen.storyboard in Resources */ = {isa = PBXBuildFile; fileRef = F5010016224F43EA004B4FED /* LaunchScreen.storyboard */; };
/* End PBXBuildFile section */

/* Begin PBXFileReference section */
		F5010007224F43E8004B4FED /* KBHariPertama.app */ = {isa = PBXFileReference; explicitFileType = wrapper.application; includeInIndex = 0; path = KBHariPertama.app; sourceTree = BUILT_PRODUCTS_DIR; };
		F501000A224F43E8004B4FED /* AppDelegate.swift */ = {isa = PBXFileReference; lastKnownFileType = sourcecode.swift; path = AppDelegate.swift; sourceTree = "<group>"; };
		F501000C224F43E8004B4FED /* ViewController.swift */ = {isa = PBXFileReference; lastKnownFileType = sourcecode.swift; path = ViewController.swift; sourceTree = "<group>"; };
		F501000F224F43E8004B4FED /* Base */ = {isa = PBXFileReference; lastKnownFileType = file.storyboard; name = Base; path = Base.lproj/Main.storyboard; sourceTree = "<group>"; };
		F5010012224F43E8004B4FED /* KBHariPertama.xcdatamodel */ = {isa = PBXFileReference; lastKnownFileType = wrapper.xcdatamodel; path = KBHariPertama.xcdatamodel; sourceTree = "<group>"; };
		F5010014224F43EA004B4FED /* Assets.xcassets */ = {isa = PBXFileReference; lastKnownFileType = folder.assetcatalog; path = Assets.xcassets; sourceTree = "<group>"; };
		F5010017224F43EA004B4FED /* Base */ = {isa = PBXFileReference; lastKnownFileType = file.storyboard; name = Base; path = Base.lproj/LaunchScreen.storyboard; sourceTree = "<group>"; };
		F5010019224F43EA004B4FED /* Info.plist */ = {isa = PBXFileReference; lastKnownFileType = text.plist.xml; path = Info.plist; sourceTree = "<group>"; };
/* End PBXFileReference section */

/* Begin PBXFrameworksBuildPhase section */
		F5010004224F43E8004B4FED /* Frameworks */ = {
			isa = PBXFrameworksBuildPhase;
			buildActionMask = 2147483647;
			files = (
			);
			runOnlyForDeploymentPostprocessing = 0;
		};
/* End PBXFrameworksBuildPhase section */

/* Begin PBXGroup section */
		F5010008224F43E8004B4FED /* Products */ = {
			isa = PBXGroup;
			children = (
				F5010007224F43E8004B4FED /* KBHariPertama.app */,
			);
			name = Products;
			sourceTree = "<group>";
		};
		F5010009224F43E8004B4FED /* KBHariPertama */ = {
			isa = PBXGroup;
			children = (
				F501000A224F43E8004B4FED /* AppDelegate.swift */,
				F501000C224F43E8004B4FED /* ViewController.swift */,
				F501000E224F43E8004B4FED /* Main.storyboard */,
				F5010014224F43EA004B4FED /* Assets.xcassets */,
				F5010016224F43EA004B4FED /* LaunchScreen.storyboard */,
				F5010019224F43EA004B4FED /* Info.plist */,
				F5010011224F43E8004B4FED /* KBHariPertama.xcdatamodeld */,
			);
			path = KBHariPertama;
			sourceTree = "<group>";
		};
		F501FFFE224F43E8004B4FED = {
			isa = PBXGroup;
			children = (
				F5010009224F43E8004B4FED /* KBHariPertama */,
				F5010008224F43E8004B4FED /* Products */,
			);
			sourceTree = "<group>";
		};
/* End PBXGroup section */

/* Begin PBXNativeTarget section */
		F5010006224F43E8004B4FED /* KBHariPertama */ = {
			isa = PBXNativeTarget;
			buildConfigurationList = F501001C224F43EA004B4FED /* Build configuration list for PBXNativeTarget "KBHariPertama" */;
			buildPhases = (
				F5010003224F43E8004B4FED /* Sources */,
				F5010004224F43E8004B4FED /* Frameworks */,
				F5010005224F43E8004B4FED /* Resources */,
			);
			buildRules = (
			);
			dependencies = (
			);
			name = KBHariPertama;
			productName = KBHariPertama;
			productReference = F5010007224F43E8004B4FED /* KBHariPertama.app */;
			productType = "com.apple.product-type.application";
		};
/* End PBXNativeTarget section */

/* Begin PBXProject section */
		F501FFFF224F43E8004B4FED /* Project object */ = {
			isa = PBXProject;
			attributes = {
				LastSwiftUpdateCheck = 1010;
				LastUpgradeCheck = 1010;
				ORGANIZATIONNAME = bagicode;
				TargetAttributes = {
					F5010006224F43E8004B4FED = {
						CreatedOnToolsVersion = 10.1;
					};
				};
			};
			buildConfigurationList = F5010002224F43E8004B4FED /* Build configuration list for PBXProject "KBHariPertama" */;
			compatibilityVersion = "Xcode 9.3";
			developmentRegion = en;
			hasScannedForEncodings = 0;
			knownRegions = (
				en,
				Base,
			);
			mainGroup = F501FFFE224F43E8004B4FED;
			productRefGroup = F5010008224F43E8004B4FED /* Products */;
			projectDirPath = "";
			projectRoot = "";
			targets = (
				F5010006224F43E8004B4FED /* KBHariPertama */,
			);
		};
/* End PBXProject section */

/* Begin PBXResourcesBuildPhase section */
		F5010005224F43E8004B4FED /* Resources */ = {
			isa = PBXResourcesBuildPhase;
			buildActionMask = 2147483647;
			files = (
				F5010018224F43EA004B4FED /* LaunchScreen.storyboard in Resources */,
				F5010015224F43EA004B4FED /* Assets.xcassets in Resources */,
				F5010010224F43E8004B4FED /* Main.storyboard in Resources */,
			);
			runOnlyForDeploymentPostprocessing = 0;
		};
/* End PBXResourcesBuildPhase section */

/* Begin PBXSourcesBuildPhase section */
		F5010003224F43E8004B4FED /* Sources */ = {
			isa = PBXSourcesBuildPhase;
			buildActionMask = 2147483647;
			files = (
				F501000D224F43E8004B4FED /* ViewController.swift in Sources */,
				F501000B224F43E8004B4FED /* AppDelegate.swift in Sources */,
				F5010013224F43E8004B4FED /* KBHariPertama.xcdatamodeld in Sources */,
			);
			runOnlyForDeploymentPostprocessing = 0;
		};
/* End PBXSourcesBuildPhase section */

/* Begin PBXVariantGroup section */
		F501000E224F43E8004B4FED /* Main.storyboard */ = {
			isa = PBXVariantGroup;
			children = (
				F501000F224F43E8004B4FED /* Base */,
			);
			name = Main.storyboard;
			sourceTree = "<group>";
		};
		F5010016224F43EA004B4FED /* LaunchScreen.storyboard */ = {
			isa = PBXVariantGroup;
			children = (
				F5010017224F43EA004B4FED /* Base */,
			);
			name = LaunchScreen.storyboard;
			sourceTree = "<group>";
		};
/* End PBXVariantGroup section */

/* Begin XCBuildConfiguration section */
		F501001A224F43EA004B4FED /* Debug */ = {
			isa = XCBuildConfiguration;
			buildSettings = {
				ALWAYS_SEARCH_USER_PATHS = NO;
				CLANG_ANALYZER_NONNULL = YES;
				CLANG_ANALYZER_NUMBER_OBJECT_CONVERSION = YES_AGGRESSIVE;
				CLANG_CXX_LANGUAGE_STANDARD = "gnu++14";
				CLANG_CXX_LIBRARY = "libc++";
				CLANG_ENABLE_MODULES = YES;
				CLANG_ENABLE_OBJC_ARC = YES;
				CLANG_ENABLE_OBJC_WEAK = YES;
				CLANG_WARN_BLOCK_CAPTURE_AUTORELEASING = YES;
				CLANG_WARN_BOOL_CONVERSION = YES;
				CLANG_WARN_COMMA = YES;
				CLANG_WARN_CONSTANT_CONVERSION = YES;
				CLANG_WARN_DEPRECATED_OBJC_IMPLEMENTATIONS = YES;
				CLANG_WARN_DIRECT_OBJC_ISA_USAGE = YES_ERROR;
				CLANG_WARN_DOCUMENTATION_COMMENTS = YES;
				CLANG_WARN_EMPTY_BODY = YES;
				CLANG_WARN_ENUM_CONVERSION = YES;
				CLANG_WARN_INFINITE_RECURSION = YES;
				CLANG_WARN_INT_CONVERSION = YES;
				CLANG_WARN_NON_LITERAL_NULL_CONVERSION = YES;
				CLANG_WARN_OBJC_IMPLICIT_RETAIN_SELF = YES;
				CLANG_WARN_OBJC_LITERAL_CONVERSION = YES;
				CLANG_WARN_OBJC_ROOT_CLASS = YES_ERROR;
				CLANG_WARN_RANGE_LOOP_ANALYSIS = YES;
				CLANG_WARN_STRICT_PROTOTYPES = YES;
				CLANG_WARN_SUSPICIOUS_MOVE = YES;
				CLANG_WARN_UNGUARDED_AVAILABILITY = YES_AGGRESSIVE;
				CLANG_WARN_UNREACHABLE_CODE = YES;
				CLANG_WARN__DUPLICATE_METHOD_MATCH = YES;
				CODE_SIGN_IDENTITY = "iPhone Developer";
				COPY_PHASE_STRIP = NO;
				DEBUG_INFORMATION_FORMAT = dwarf;
				ENABLE_STRICT_OBJC_MSGSEND = YES;
				ENABLE_TESTABILITY = YES;
				GCC_C_LANGUAGE_STANDARD = gnu11;
				GCC_DYNAMIC_NO_PIC = NO;
				GCC_NO_COMMON_BLOCKS = YES;
				GCC_OPTIMIZATION_LEVEL = 0;
				GCC_PREPROCESSOR_DEFINITIONS = (
					"DEBUG=1",
					"$(inherited)",
				);
				GCC_WARN_64_TO_32_BIT_CONVERSION = YES;
				GCC_WARN_ABOUT_RETURN_TYPE = YES_ERROR;
				GCC_WARN_UNDECLARED_SELECTOR = YES;
				GCC_WARN_UNINITIALIZED_AUTOS = YES_AGGRESSIVE;
				GCC_WARN_UNUSED_FUNCTION = YES;
				GCC_WARN_UNUSED_VARIABLE = YES;
				IPHONEOS_DEPLOYMENT_TARGET = 12.1;
				MTL_ENABLE_DEBUG_INFO = INCLUDE_SOURCE;
				MTL_FAST_MATH = YES;
				ONLY_ACTIVE_ARCH = YES;
				SDKROOT = iphoneos;
				SWIFT_ACTIVE_COMPILATION_CONDITIONS = DEBUG;
				SWIFT_OPTIMIZATION_LEVEL = "-Onone";
			};
			name = Debug;
		};
		F501001B224F43EA004B4FED /* Release */ = {
			isa = XCBuildConfiguration;
			buildSettings = {
				ALWAYS_SEARCH_USER_PATHS = NO;
				CLANG_ANALYZER_NONNULL = YES;
				CLANG_ANALYZER_NUMBER_OBJECT_CONVERSION = YES_AGGRESSIVE;
				CLANG_CXX_LANGUAGE_STANDARD = "gnu++14";
				CLANG_CXX_LIBRARY = "libc++";
				CLANG_ENABLE_MODULES = YES;
				CLANG_ENABLE_OBJC_ARC = YES;
				CLANG_ENABLE_OBJC_WEAK = YES;
				CLANG_WARN_BLOCK_CAPTURE_AUTORELEASING = YES;
				CLANG_WARN_BOOL_CONVERSION = YES;
				CLANG_WARN_COMMA = YES;
				CLANG_WARN_CONSTANT_CONVERSION = YES;
				CLANG_WARN_DEPRECATED_OBJC_IMPLEMENTATIONS = YES;
				CLANG_WARN_DIRECT_OBJC_ISA_USAGE = YES_ERROR;
				CLANG_WARN_DOCUMENTATION_COMMENTS = YES;
				CLANG_WARN_EMPTY_BODY = YES;
				CLANG_WARN_ENUM_CONVERSION = YES;
				CLANG_WARN_INFINITE_RECURSION = YES;
				CLANG_WARN_INT_CONVERSION = YES;
				CLANG_WARN_NON_LITERAL_NULL_CONVERSION = YES;
				CLANG_WARN_OBJC_IMPLICIT_RETAIN_SELF = YES;
				CLANG_WARN_OBJC_LITERAL_CONVERSION = YES;
				CLANG_WARN_OBJC_ROOT_CLASS = YES_ERROR;
				CLANG_WARN_RANGE_LOOP_ANALYSIS = YES;
				CLANG_WARN_STRICT_PROTOTYPES = YES;
				CLANG_WARN_SUSPICIOUS_MOVE = YES;
				CLANG_WARN_UNGUARDED_AVAILABILITY = YES_AGGRESSIVE;
				CLANG_WARN_UNREACHABLE_CODE = YES;
				CLANG_WARN__DUPLICATE_METHOD_MATCH = YES;
				CODE_SIGN_IDENTITY = "iPhone Developer";
				COPY_PHASE_STRIP = NO;
				DEBUG_INFORMATION_FORMAT = "dwarf-with-dsym";
				ENABLE_NS_ASSERTIONS = NO;
				ENABLE_STRICT_OBJC_MSGSEND = YES;
				GCC_C_LANGUAGE_STANDARD = gnu11;
				GCC_NO_COMMON_BLOCKS = YES;
				GCC_WARN_64_TO_32_BIT_CONVERSION = YES;
				GCC_WARN_ABOUT_RETURN_TYPE = YES_ERROR;
				GCC_WARN_UNDECLARED_SELECTOR = YES;
				GCC_WARN_UNINITIALIZED_AUTOS = YES_AGGRESSIVE;
				GCC_WARN_UNUSED_FUNCTION = YES;
				GCC_WARN_UNUSED_VARIABLE = YES;
				IPHONEOS_DEPLOYMENT_TARGET = 12.1;
				MTL_ENABLE_DEBUG_INFO = NO;
				MTL_FAST_MATH = YES;
				SDKROOT = iphoneos;
				SWIFT_COMPILATION_MODE = wholemodule;
				SWIFT_OPTIMIZATION_LEVEL = "-O";
				VALIDATE_PRODUCT = YES;
			};
			name = Release;
		};
		F501001D224F43EA004B4FED /* Debug */ = {
			isa = XCBuildConfiguration;
			buildSettings = {
				ASSETCATALOG_COMPILER_APPICON_NAME = AppIcon;
				CODE_SIGN_STYLE = Automatic;
				DEVELOPMENT_TEAM = 6K5XA7BH4G;
				INFOPLIST_FILE = KBHariPertama/Info.plist;
				LD_RUNPATH_SEARCH_PATHS = (
					"$(inherited)",
					"@executable_path/Frameworks",
				);
				PRODUCT_BUNDLE_IDENTIFIER = bagicode.com.KBHariPertama;
				PRODUCT_NAME = "$(TARGET_NAME)";
				SWIFT_VERSION = 4.2;
				TARGETED_DEVICE_FAMILY = "1,2";
			};
			name = Debug;
		};
		F501001E224F43EA004B4FED /* Release */ = {
			isa = XCBuildConfiguration;
			buildSettings = {
				ASSETCATALOG_COMPILER_APPICON_NAME = AppIcon;
				CODE_SIGN_STYLE = Automatic;
				DEVELOPMENT_TEAM = 6K5XA7BH4G;
				INFOPLIST_FILE = KBHariPertama/Info.plist;
				LD_RUNPATH_SEARCH_PATHS = (
					"$(inherited)",
					"@executable_path/Frameworks",
				);
				PRODUCT_BUNDLE_IDENTIFIER = bagicode.com.KBHariPertama;
				PRODUCT_NAME = "$(TARGET_NAME)";
				SWIFT_VERSION = 4.2;
				TARGETED_DEVICE_FAMILY = "1,2";
			};
			name = Release;
		};
/* End XCBuildConfiguration section */

/* Begin XCConfigurationList section */
		F5010002224F43E8004B4FED /* Build configuration list for PBXProject "KBHariPertama" */ = {
			isa = XCConfigurationList;
			buildConfigurations = (
				F501001A224F43EA004B4FED /* Debug */,
				F501001B224F43EA004B4FED /* Release */,
			);
			defaultConfigurationIsVisible = 0;
			defaultConfigurationName = Release;
		};
		F501001C224F43EA004B4FED /* Build configuration list for PBXNativeTarget "KBHariPertama" */ = {
			isa = XCConfigurationList;
			buildConfigurations = (
				F501001D224F43EA004B4FED /* Debug */,
				F501001E224F43EA004B4FED /* Release */,
			);
			defaultConfigurationIsVisible = 0;
			defaultConfigurationName = Release;
		};
/* End XCConfigurationList section */

/* Begin XCVersionGroup section */
		F5010011224F43E8004B4FED /* KBHariPertama.xcdatamodeld */ = {
			isa = XCVersionGroup;
			children = (
				F5010012224F43E8004B4FED /* KBHariPertama.xcdatamodel */,
			);
			currentVersion = F5010012224F43E8004B4FED /* KBHariPertama.xcdatamodel */;
			path = KBHariPertama.xcdatamodeld;
			sourceTree = "<group>";
			versionGroupType = wrapper.xcdatamodel;
		};
/* End XCVersionGroup section */
	};
	rootObject = F501FFFF224F43E8004B4FED /* Project object */;
}
